# This file is generated by running "yarn install" inside your project.
# Manual changes might be lost - proceed with caution!

__metadata:
  version: 4
  cacheKey: 7

"@reduxjs/toolkit@npm:^1.4.0":
  version: 1.4.0
  resolution: "@reduxjs/toolkit@npm:1.4.0"
  dependencies:
    immer: ^7.0.3
    redux: ^4.0.0
    redux-thunk: ^2.3.0
    reselect: ^4.0.0
  checksum: d7ef94402868abedc497ee386089a14992c54e163dfc99ed0cf13de7e616f86748c0b9f0d7555e7685144aa8f10216b19e0dbcce5c2aeea1d753b45865545df3
  languageName: node
  linkType: hard

"broken-pnp@workspace:.":
  version: 0.0.0-use.local
  resolution: "broken-pnp@workspace:."
  dependencies:
    "@reduxjs/toolkit": ^1.4.0
    typescript: ^4.0.3
  languageName: unknown
  linkType: soft

"immer@npm:^7.0.3":
  version: 7.0.9
  resolution: "immer@npm:7.0.9"
  checksum: 20fba3dabd033f9584eb1df9c16210b64c16a536a6376b0dedf153176554d89432ee86409458d8773edd142ddcae75f8e242b1952cd5b61c22767a4538880dd0
  languageName: node
  linkType: hard

"js-tokens@npm:^3.0.0 || ^4.0.0":
  version: 4.0.0
  resolution: "js-tokens@npm:4.0.0"
  checksum: 1fc4e4667ac2d972aba65148b9cbf9c17566b2394d3504238d8492bbd3e68f496c657eab06b26b40b17db5cac0a34d153a12130e2d2d2bb6dc2cdc8a4764eb1b
  languageName: node
  linkType: hard

"loose-envify@npm:^1.4.0":
  version: 1.4.0
  resolution: "loose-envify@npm:1.4.0"
  dependencies:
    js-tokens: ^3.0.0 || ^4.0.0
  bin:
    loose-envify: cli.js
  checksum: 5c3b47bbe5f597a3889fb001a3a98aaea2a3fafa48089c19034de1e0121bf57dbee609d184478514d74d5c5a7e9cfa3d846343455e5123b060040d46c39e91dc
  languageName: node
  linkType: hard

"redux-thunk@npm:^2.3.0":
  version: 2.3.0
  resolution: "redux-thunk@npm:2.3.0"
  checksum: 2d7210b88cef244384ab15bfe0c0f79a7d5a2fe059825da121121ec75378b175860695fafd5265386a0fd4b86212cc49e5972825f7bc9f803ad8753229f0258b
  languageName: node
  linkType: hard

"redux@npm:^4.0.0":
  version: 4.0.5
  resolution: "redux@npm:4.0.5"
  dependencies:
    loose-envify: ^1.4.0
    symbol-observable: ^1.2.0
  checksum: 112739c2fb83ae2e18335d942a883b3ee14ebada31ff3a7924511a1f38a4278a762f5823491f3eb5083492de601ed76cb2687295c7d5db9a6e098c2542cdc05b
  languageName: node
  linkType: hard

"reselect@npm:^4.0.0":
  version: 4.0.0
  resolution: "reselect@npm:4.0.0"
  checksum: 3480930929f673f12962cdde140dce48ea8ba171cd428bb2c7639672e41770bd6b64e935bc0400f47cfa960f617c7ac068c4309527373825d11e27262f08c0a3
  languageName: node
  linkType: hard

"symbol-observable@npm:^1.2.0":
  version: 1.2.0
  resolution: "symbol-observable@npm:1.2.0"
  checksum: 268834a1d4cba19d40f367e5c2755f612969c8418e43a3be17408e392802a667f8bb542893440d58a080a8ea8da05ea98e27e472b9f4ff6fbda78a21a1a41c53
  languageName: node
  linkType: hard

typescript@^4.0.3:
  version: 4.0.3
  resolution: "typescript@npm:4.0.3"
  bin:
    tsc: bin/tsc
    tsserver: bin/tsserver
  checksum: 5c892e132756a83d22030d7fb38be47cde27613f71d233dbe7faf79e4a92852c5146bfddcaf8c2da1a37d35ae8bf7b8c888fdcd763d5ad184cea6b21e7466838
  languageName: node
  linkType: hard

"typescript@patch:typescript@^4.0.3#builtin<compat/typescript>":
  version: 4.0.3
  resolution: "typescript@patch:typescript@npm%3A4.0.3#builtin<compat/typescript>::version=4.0.3&hash=5bf698"
  bin:
    tsc: bin/tsc
    tsserver: bin/tsserver
  checksum: 72db87d09f728c83062d64b5e12ed52effb6278963b6bc5c006219b22c104e02b8ce80164261de554923d3c47d894a1ca937ed542328caccb83ebaedeae98a69
  languageName: node
  linkType: hard
